
Microsoft Visual Studio Solution File, Format Version 12.00
# Visual Studio Version 17
VisualStudioVersion = 17.10.35013.160
MinimumVisualStudioVersion = 10.0.40219.1
Project("{9A19103F-16F7-4668-BE54-9A1E7A4F7556}") = "InfoDroplets.Client", "InfoDroplets.Client\InfoDroplets.Client.csproj", "{6E79738B-F960-41EC-901C-0DAE75358C32}"
EndProject
Project("{9A19103F-16F7-4668-BE54-9A1E7A4F7556}") = "InfoDroplets.Models", "InfoDroplets.Models\InfoDroplets.Models.csproj", "{7C7DECD4-317D-43BA-9758-E11D4BD13ACC}"
EndProject
Project("{9A19103F-16F7-4668-BE54-9A1E7A4F7556}") = "InfoDroplets.Repository", "InfoDroplets.Repository\InfoDroplets.Repository.csproj", "{51772C7C-EF12-4E90-B51B-639610A05B0F}"
EndProject
Project("{9A19103F-16F7-4668-BE54-9A1E7A4F7556}") = "InfoDroplets.Logic", "InfoDroplets.Logic\InfoDroplets.Logic.csproj", "{35258D9E-0F53-4655-9B07-C2E9913473D2}"
EndProject
Project("{9A19103F-16F7-4668-BE54-9A1E7A4F7556}") = "InfoDroplets.Utils", "InfoDroplets.Utils\InfoDroplets.Utils.csproj", "{53CC925D-1ABF-42AC-A937-734A17B88495}"
EndProject
Project("{2150E333-8FDC-42A3-9474-1A3956D46DE8}") = "ResultExporter", "ResultExporter", "{C4D1F86E-8F28-4ED6-B4D9-2D7413807D71}"
EndProject
Project("{2150E333-8FDC-42A3-9474-1A3956D46DE8}") = "InfoDropletsClient", "InfoDropletsClient", "{0C1CABDE-26B3-4E26-AA26-5709E453F391}"
EndProject
Project("{9A19103F-16F7-4668-BE54-9A1E7A4F7556}") = "InfoDroplets.ResultExporterApp", "InfoDroplets.ResultExporterApp\InfoDroplets.ResultExporterApp.csproj", "{78A075D4-5BBA-45BE-836C-54A033C5A72B}"
EndProject
Project("{9A19103F-16F7-4668-BE54-9A1E7A4F7556}") = "InfoDroplets.ResultExporterApp.Tests", "InfoDroplets.ResultExporterApp.Tester\InfoDroplets.ResultExporterApp.Tests.csproj", "{737D048C-6052-4638-A710-D8D2AD8FB97F}"
EndProject
Project("{9A19103F-16F7-4668-BE54-9A1E7A4F7556}") = "InfoDroplets.Tests", "InfoDroplets.Tests\InfoDroplets.Tests.csproj", "{18AD124A-E804-4D66-8FBB-3475AAB427E2}"
EndProject
Global
	GlobalSection(SolutionConfigurationPlatforms) = preSolution
		Debug|Any CPU = Debug|Any CPU
		Release|Any CPU = Release|Any CPU
	EndGlobalSection
	GlobalSection(ProjectConfigurationPlatforms) = postSolution
		{6E79738B-F960-41EC-901C-0DAE75358C32}.Debug|Any CPU.ActiveCfg = Debug|Any CPU
		{6E79738B-F960-41EC-901C-0DAE75358C32}.Debug|Any CPU.Build.0 = Debug|Any CPU
		{6E79738B-F960-41EC-901C-0DAE75358C32}.Release|Any CPU.ActiveCfg = Release|Any CPU
		{6E79738B-F960-41EC-901C-0DAE75358C32}.Release|Any CPU.Build.0 = Release|Any CPU
		{7C7DECD4-317D-43BA-9758-E11D4BD13ACC}.Debug|Any CPU.ActiveCfg = Debug|Any CPU
		{7C7DECD4-317D-43BA-9758-E11D4BD13ACC}.Debug|Any CPU.Build.0 = Debug|Any CPU
		{7C7DECD4-317D-43BA-9758-E11D4BD13ACC}.Release|Any CPU.ActiveCfg = Release|Any CPU
		{7C7DECD4-317D-43BA-9758-E11D4BD13ACC}.Release|Any CPU.Build.0 = Release|Any CPU
		{51772C7C-EF12-4E90-B51B-639610A05B0F}.Debug|Any CPU.ActiveCfg = Debug|Any CPU
		{51772C7C-EF12-4E90-B51B-639610A05B0F}.Debug|Any CPU.Build.0 = Debug|Any CPU
		{51772C7C-EF12-4E90-B51B-639610A05B0F}.Release|Any CPU.ActiveCfg = Release|Any CPU
		{51772C7C-EF12-4E90-B51B-639610A05B0F}.Release|Any CPU.Build.0 = Release|Any CPU
		{35258D9E-0F53-4655-9B07-C2E9913473D2}.Debug|Any CPU.ActiveCfg = Debug|Any CPU
		{35258D9E-0F53-4655-9B07-C2E9913473D2}.Debug|Any CPU.Build.0 = Debug|Any CPU
		{35258D9E-0F53-4655-9B07-C2E9913473D2}.Release|Any CPU.ActiveCfg = Release|Any CPU
		{35258D9E-0F53-4655-9B07-C2E9913473D2}.Release|Any CPU.Build.0 = Release|Any CPU
		{53CC925D-1ABF-42AC-A937-734A17B88495}.Debug|Any CPU.ActiveCfg = Debug|Any CPU
		{53CC925D-1ABF-42AC-A937-734A17B88495}.Debug|Any CPU.Build.0 = Debug|Any CPU
		{53CC925D-1ABF-42AC-A937-734A17B88495}.Release|Any CPU.ActiveCfg = Release|Any CPU
		{53CC925D-1ABF-42AC-A937-734A17B88495}.Release|Any CPU.Build.0 = Release|Any CPU
		{78A075D4-5BBA-45BE-836C-54A033C5A72B}.Debug|Any CPU.ActiveCfg = Debug|Any CPU
		{78A075D4-5BBA-45BE-836C-54A033C5A72B}.Debug|Any CPU.Build.0 = Debug|Any CPU
		{78A075D4-5BBA-45BE-836C-54A033C5A72B}.Release|Any CPU.ActiveCfg = Release|Any CPU
		{78A075D4-5BBA-45BE-836C-54A033C5A72B}.Release|Any CPU.Build.0 = Release|Any CPU
		{737D048C-6052-4638-A710-D8D2AD8FB97F}.Debug|Any CPU.ActiveCfg = Debug|Any CPU
		{737D048C-6052-4638-A710-D8D2AD8FB97F}.Debug|Any CPU.Build.0 = Debug|Any CPU
		{737D048C-6052-4638-A710-D8D2AD8FB97F}.Release|Any CPU.ActiveCfg = Release|Any CPU
		{737D048C-6052-4638-A710-D8D2AD8FB97F}.Release|Any CPU.Build.0 = Release|Any CPU
		{18AD124A-E804-4D66-8FBB-3475AAB427E2}.Debug|Any CPU.ActiveCfg = Debug|Any CPU
		{18AD124A-E804-4D66-8FBB-3475AAB427E2}.Debug|Any CPU.Build.0 = Debug|Any CPU
		{18AD124A-E804-4D66-8FBB-3475AAB427E2}.Release|Any CPU.ActiveCfg = Release|Any CPU
		{18AD124A-E804-4D66-8FBB-3475AAB427E2}.Release|Any CPU.Build.0 = Release|Any CPU
	EndGlobalSection
	GlobalSection(SolutionProperties) = preSolution
		HideSolutionNode = FALSE
	EndGlobalSection
	GlobalSection(NestedProjects) = preSolution
		{6E79738B-F960-41EC-901C-0DAE75358C32} = {0C1CABDE-26B3-4E26-AA26-5709E453F391}
		{7C7DECD4-317D-43BA-9758-E11D4BD13ACC} = {0C1CABDE-26B3-4E26-AA26-5709E453F391}
		{51772C7C-EF12-4E90-B51B-639610A05B0F} = {0C1CABDE-26B3-4E26-AA26-5709E453F391}
		{35258D9E-0F53-4655-9B07-C2E9913473D2} = {0C1CABDE-26B3-4E26-AA26-5709E453F391}
		{78A075D4-5BBA-45BE-836C-54A033C5A72B} = {C4D1F86E-8F28-4ED6-B4D9-2D7413807D71}
		{737D048C-6052-4638-A710-D8D2AD8FB97F} = {C4D1F86E-8F28-4ED6-B4D9-2D7413807D71}
		{18AD124A-E804-4D66-8FBB-3475AAB427E2} = {0C1CABDE-26B3-4E26-AA26-5709E453F391}
	EndGlobalSection
	GlobalSection(ExtensibilityGlobals) = postSolution
		SolutionGuid = {84081653-AF6D-4071-AFB5-16205DF1CF01}
	EndGlobalSection
EndGlobal
